
Microsoft Visual Studio Solution File, Format Version 12.00
# Visual Studio Version 16
VisualStudioVersion = 16.0.31829.152
MinimumVisualStudioVersion = 10.0.40219.1
Project("{FAE04EC0-301F-11D3-BF4B-00C04F79EFBC}") = "Task6.1", "Lab6\Task6.1.csproj", "{54C2711E-3095-48CB-B737-0F591D67F74B}"
EndProject
Project("{FAE04EC0-301F-11D3-BF4B-00C04F79EFBC}") = "Task_6.2", "Task_6.2\Task_6.2.csproj", "{65764126-DA3F-4D65-8369-F2692C5FAAA0}"
EndProject
Global
	GlobalSection(SolutionConfigurationPlatforms) = preSolution
		Debug|Any CPU = Debug|Any CPU
		Release|Any CPU = Release|Any CPU
	EndGlobalSection
	GlobalSection(ProjectConfigurationPlatforms) = postSolution
		{54C2711E-3095-48CB-B737-0F591D67F74B}.Debug|Any CPU.ActiveCfg = Debug|Any CPU
		{54C2711E-3095-48CB-B737-0F591D67F74B}.Debug|Any CPU.Build.0 = Debug|Any CPU
		{54C2711E-3095-48CB-B737-0F591D67F74B}.Release|Any CPU.ActiveCfg = Release|Any CPU
		{54C2711E-3095-48CB-B737-0F591D67F74B}.Release|Any CPU.Build.0 = Release|Any CPU
		{65764126-DA3F-4D65-8369-F2692C5FAAA0}.Debug|Any CPU.ActiveCfg = Debug|Any CPU
		{65764126-DA3F-4D65-8369-F2692C5FAAA0}.Debug|Any CPU.Build.0 = Debug|Any CPU
		{65764126-DA3F-4D65-8369-F2692C5FAAA0}.Release|Any CPU.ActiveCfg = Release|Any CPU
		{65764126-DA3F-4D65-8369-F2692C5FAAA0}.Release|Any CPU.Build.0 = Release|Any CPU
	EndGlobalSection
	GlobalSection(SolutionProperties) = preSolution
		HideSolutionNode = FALSE
	EndGlobalSection
	GlobalSection(ExtensibilityGlobals) = postSolution
		SolutionGuid = {8B0F3E20-E824-473B-A3F6-C7FB9697D834}
	EndGlobalSection
EndGlobal
